{
  "nodes": {
    "home-manager": {
      "inputs": {
        "nixpkgs": "nixpkgs"
      },
      "locked": {
        "lastModified": 1603651452,
        "narHash": "sha256-kyAvYKWzwf2wcd0RIBmCrL+tKzLFRkVivSxqS6IVm70=",
        "owner": "rycee",
        "repo": "home-manager",
        "rev": "abaebf3b346c4bef500c5bd2fdebbed109261a0c",
        "type": "github"
      },
      "original": {
        "owner": "rycee",
        "ref": "release-20.09",
        "repo": "home-manager",
        "type": "github"
      }
    },
    "nixpkgs": {
      "locked": {
        "lastModified": 1603785508,
        "narHash": "sha256-aVhMd31J32DWdjGsSNOglG45dxf+D26EU21BXoov90c=",
        "path": "/nix/store/pi96mfykf28mii3kjbi6h5bkly20i8c4-source",
        "rev": "13d0c311e3ae923a00f734b43fd1d35b47d8943a",
        "type": "path"
      },
      "original": {
        "id": "nixpkgs",
        "type": "indirect"
      }
    },
    "nixpkgs_2": {
      "locked": {
        "lastModified": 1603918233,
        "narHash": "sha256-kc3v+TMNjJRiV9/HinAx7qsWI2wGPHToGnCeOYmahLI=",
        "owner": "NixOS",
        "repo": "nixpkgs",
        "rev": "edb26126d98bc696f4f3e206583faa65d3d6e818",
        "type": "github"
      },
      "original": {
        "owner": "NixOS",
        "ref": "nixos-20.09",
        "repo": "nixpkgs",
        "type": "github"
      }
    },
    "root": {
      "inputs": {
        "home-manager": "home-manager",
        "nixpkgs": "nixpkgs_2",
        "tinybeachthor": "tinybeachthor"
      }
    },
    "tinybeachthor": {
      "inputs": {
        "nixpkgs": [
          "nixpkgs"
        ]
      },
      "locked": {
        "lastModified": 1604258095,
        "narHash": "sha256-Mp2aszNmqnrw04OEcBjI9eIIovCM2P45tfU9xMpTtvA=",
        "owner": "tinybeachthor",
        "repo": "nur-packages",
        "rev": "ba39255f0ac665d099a7514a092824943d422a84",
        "type": "github"
      },
      "original": {
        "owner": "tinybeachthor",
        "ref": "master",
        "repo": "nur-packages",
        "type": "github"
      }
    }
  },
  "root": "root",
  "version": 7
}
